{
  "name": "eice-project",
  "version": "1.0.0",
  "lockfileVersion": 1,
  "requires": true,
  "dependencies": {
    "tinkerforge": {
      "version": "2.1.23",
      "resolved": "https://registry.npmjs.org/tinkerforge/-/tinkerforge-2.1.23.tgz",
      "integrity": "sha512-4WLWCcvbQe+eZCsAeXnHb1EC49J6xjwiHM/R/e+eul1iHCyOOp22mOF7t0mVloESVdSLqlCdhRmjl3ZTtJgtpw=="
    }
  }
}
